{
  "nodes": {
    "agenix": {
      "inputs": {
        "darwin": "darwin",
        "home-manager": "home-manager",
        "nixpkgs": [
          "nixpkgs"
        ],
        "systems": "systems"
      },
      "locked": {
        "lastModified": 1770165109,
        "narHash": "sha256-9VnK6Oqai65puVJ4WYtCTvlJeXxMzAp/69HhQuTdl/I=",
        "ref": "refs/heads/main",
        "rev": "b027ee29d959fda4b60b57566d64c98a202e0feb",
        "revCount": 359,
        "type": "git",
        "url": "https://github.com/ryantm/agenix"
      },
      "original": {
        "type": "git",
        "url": "https://github.com/ryantm/agenix"
      }
    },
    "darwin": {
      "inputs": {
        "nixpkgs": [
          "agenix",
          "nixpkgs"
        ]
      },
      "locked": {
        "lastModified": 1744478979,
        "narHash": "sha256-dyN+teG9G82G+m+PX/aSAagkC+vUv0SgUw3XkPhQodQ=",
        "owner": "lnl7",
        "repo": "nix-darwin",
        "rev": "43975d782b418ebf4969e9ccba82466728c2851b",
        "type": "github"
      },
      "original": {
        "owner": "lnl7",
        "ref": "master",
        "repo": "nix-darwin",
        "type": "github"
      }
    },
    "disko": {
      "inputs": {
        "nixpkgs": [
          "nixpkgs"
        ]
      },
      "locked": {
        "lastModified": 1777713215,
        "narHash": "sha256-8GzXDOXckDWwST8TY5DbwYFjdvQLlP7K9CLSVx6iTTo=",
        "ref": "refs/heads/master",
        "rev": "63b4e7e6cf75307c1d26ac3762b886b5b0247267",
        "revCount": 1361,
        "type": "git",
        "url": "https://github.com/nix-community/disko"
      },
      "original": {
        "type": "git",
        "url": "https://github.com/nix-community/disko"
      }
    },
    "flake-parts": {
      "inputs": {
        "nixpkgs-lib": [
          "nixvim",
          "nixpkgs"
        ]
      },
      "locked": {
        "lastModified": 1777988971,
        "narHash": "sha256-qIoWPDs+0/8JecyYgE3gpKQxW/4bLW/gp45vow9ioCQ=",
        "owner": "hercules-ci",
        "repo": "flake-parts",
        "rev": "0678d8986be1661af6bb555f3489f2fdfc31f6ff",
        "type": "github"
      },
      "original": {
        "owner": "hercules-ci",
        "repo": "flake-parts",
        "type": "github"
      }
    },
    "future-cyan-hyprcursor": {
      "flake": false,
      "locked": {
        "lastModified": 1759689263,
        "narHash": "sha256-a7LdP2VH0UlMPwW9vbBolOuPQMJa0WNpmJfLLv3JZ4g=",
        "ref": "refs/heads/main",
        "rev": "cf4126d17f4520aceb688d8a60daca4a1f0b9e80",
        "revCount": 15,
        "type": "git",
        "url": "https://gitlab.com/Pummelfisch/future-cyan-hyprcursor"
      },
      "original": {
        "type": "git",
        "url": "https://gitlab.com/Pummelfisch/future-cyan-hyprcursor"
      }
    },
    "home-manager": {
      "inputs": {
        "nixpkgs": [
          "agenix",
          "nixpkgs"
        ]
      },
      "locked": {
        "lastModified": 1745494811,
        "narHash": "sha256-YZCh2o9Ua1n9uCvrvi5pRxtuVNml8X2a03qIFfRKpFs=",
        "owner": "nix-community",
        "repo": "home-manager",
        "rev": "abfad3d2958c9e6300a883bd443512c55dfeb1be",
        "type": "github"
      },
      "original": {
        "owner": "nix-community",
        "repo": "home-manager",
        "type": "github"
      }
    },
    "home-manager_2": {
      "inputs": {
        "nixpkgs": [
          "nixpkgs"
        ]
      },
      "locked": {
        "lastModified": 1778609305,
        "narHash": "sha256-muTc+WME6k3sfTr/Pvmw8hrK7zXrbl961TEF9wPeAnk=",
        "ref": "refs/heads/master",
        "rev": "5878fdadfe2cfe1b3383b38d66117f7b80696b68",
        "revCount": 6721,
        "type": "git",
        "url": "https://github.com/nix-community/home-manager"
      },
      "original": {
        "type": "git",
        "url": "https://github.com/nix-community/home-manager"
      }
    },
    "lavender-nvim": {
      "flake": false,
      "locked": {
        "lastModified": 1717217749,
        "narHash": "sha256-6ky9ZzvHhFkt+XVj7fetDSQwsKvFwAJ9q2cq9XWAh5U=",
        "ref": "stable",
        "rev": "50d8c9c19509ba5b03760e2d644128afc4215281",
        "revCount": 51,
        "type": "git",
        "url": "https://codeberg.org/jthvai/lavender.nvim"
      },
      "original": {
        "ref": "stable",
        "type": "git",
        "url": "https://codeberg.org/jthvai/lavender.nvim"
      }
    },
    "nixos-hardware": {
      "locked": {
        "lastModified": 1778593042,
        "narHash": "sha256-xYGrSg6354UK2K4WSQd4+TfyvfqmvFbSY+ZtGQUXK0c=",
        "ref": "master",
        "rev": "9bd7c80d43e258aaa607d83b43661df11444d808",
        "revCount": 2746,
        "type": "git",
        "url": "https://github.com/NixOS/nixos-hardware"
      },
      "original": {
        "ref": "master",
        "type": "git",
        "url": "https://github.com/NixOS/nixos-hardware"
      }
    },
    "nixpkgs": {
      "locked": {
        "lastModified": 1778443072,
        "narHash": "sha256-zi7/fsqM/kFdNuED//4WOCUtezGtKKqRNORjMvfwjnA=",
        "ref": "nixos-unstable",
        "rev": "da5ad661ba4e5ef59ba743f0d112cbc30e474f32",
        "revCount": 995699,
        "type": "git",
        "url": "https://github.com/NixOS/nixpkgs"
      },
      "original": {
        "ref": "nixos-unstable",
        "type": "git",
        "url": "https://github.com/NixOS/nixpkgs"
      }
    },
    "nixvim": {
      "inputs": {
        "flake-parts": "flake-parts",
        "nixpkgs": [
          "nixpkgs"
        ],
        "systems": "systems_2"
      },
      "locked": {
        "lastModified": 1778510615,
        "narHash": "sha256-cMNCx8mQTJnVkA6kt3B3ArGpCOOniYn644hH0mJHSsw=",
        "ref": "refs/heads/main",
        "rev": "fa8cd368d27cf9541f086485884928315abdcc8c",
        "revCount": 4482,
        "type": "git",
        "url": "https://github.com/nix-community/nixvim"
      },
      "original": {
        "type": "git",
        "url": "https://github.com/nix-community/nixvim"
      }
    },
    "root": {
      "inputs": {
        "agenix": "agenix",
        "disko": "disko",
        "future-cyan-hyprcursor": "future-cyan-hyprcursor",
        "home-manager": "home-manager_2",
        "lavender-nvim": "lavender-nvim",
        "nixos-hardware": "nixos-hardware",
        "nixpkgs": "nixpkgs",
        "nixvim": "nixvim",
        "themes": "themes"
      }
    },
    "systems": {
      "locked": {
        "lastModified": 1681028828,
        "narHash": "sha256-Vy1rq5AaRuLzOxct8nz4T6wlgyUR7zLU309k9mBC768=",
        "owner": "nix-systems",
        "repo": "default",
        "rev": "da67096a3b9bf56a91d16901293e51ba5b49a27e",
        "type": "github"
      },
      "original": {
        "owner": "nix-systems",
        "repo": "default",
        "type": "github"
      }
    },
    "systems_2": {
      "locked": {
        "lastModified": 1681028828,
        "narHash": "sha256-Vy1rq5AaRuLzOxct8nz4T6wlgyUR7zLU309k9mBC768=",
        "owner": "nix-systems",
        "repo": "default",
        "rev": "da67096a3b9bf56a91d16901293e51ba5b49a27e",
        "type": "github"
      },
      "original": {
        "owner": "nix-systems",
        "repo": "default",
        "type": "github"
      }
    },
    "themes": {
      "locked": {
        "lastModified": 1770999457,
        "narHash": "sha256-018znIdT/TBFsNcDYv6l4NCnK96gDiJMODoIGqnVn7o=",
        "ref": "refs/heads/master",
        "rev": "3779a7ba289d88ea092063e8bc512cfe80f293ba",
        "revCount": 55,
        "type": "git",
        "url": "https://github.com/RGBCube/ThemeNix"
      },
      "original": {
        "type": "git",
        "url": "https://github.com/RGBCube/ThemeNix"
      }
    }
  },
  "root": "root",
  "version": 7
}
